
Microsoft Visual Studio Solution File, Format Version 12.00
# Visual Studio 15
VisualStudioVersion = 15.0.26730.12
MinimumVisualStudioVersion = 10.0.40219.1
Project("{FAE04EC0-301F-11D3-BF4B-00C04F79EFBC}") = "ChainofResponsibility", "ChainofResponsibility\ChainofResponsibility.csproj", "{F9ECBADF-57B6-40DD-9690-E77A1DE81799}"
EndProject
Global
	GlobalSection(SolutionConfigurationPlatforms) = preSolution
		Debug|Any CPU = Debug|Any CPU
		Release|Any CPU = Release|Any CPU
	EndGlobalSection
	GlobalSection(ProjectConfigurationPlatforms) = postSolution
		{F9ECBADF-57B6-40DD-9690-E77A1DE81799}.Debug|Any CPU.ActiveCfg = Debug|Any CPU
		{F9ECBADF-57B6-40DD-9690-E77A1DE81799}.Debug|Any CPU.Build.0 = Debug|Any CPU
		{F9ECBADF-57B6-40DD-9690-E77A1DE81799}.Release|Any CPU.ActiveCfg = Release|Any CPU
		{F9ECBADF-57B6-40DD-9690-E77A1DE81799}.Release|Any CPU.Build.0 = Release|Any CPU
	EndGlobalSection
	GlobalSection(SolutionProperties) = preSolution
		HideSolutionNode = FALSE
	EndGlobalSection
	GlobalSection(ExtensibilityGlobals) = postSolution
		SolutionGuid = {0821422F-80F1-4F9A-B3B1-E4D76D706D4C}
	EndGlobalSection
EndGlobal
