
Microsoft Visual Studio Solution File, Format Version 12.00
# Visual Studio 15
VisualStudioVersion = 15.0.26730.12
MinimumVisualStudioVersion = 10.0.40219.1
Project("{FAE04EC0-301F-11D3-BF4B-00C04F79EFBC}") = "KZ1", "KZ1\KZ1.csproj", "{1E8F15D6-E387-4F02-A3E0-83AC9C9871F8}"
EndProject
Global
	GlobalSection(SolutionConfigurationPlatforms) = preSolution
		Debug|Any CPU = Debug|Any CPU
		Release|Any CPU = Release|Any CPU
	EndGlobalSection
	GlobalSection(ProjectConfigurationPlatforms) = postSolution
		{1E8F15D6-E387-4F02-A3E0-83AC9C9871F8}.Debug|Any CPU.ActiveCfg = Debug|Any CPU
		{1E8F15D6-E387-4F02-A3E0-83AC9C9871F8}.Debug|Any CPU.Build.0 = Debug|Any CPU
		{1E8F15D6-E387-4F02-A3E0-83AC9C9871F8}.Release|Any CPU.ActiveCfg = Release|Any CPU
		{1E8F15D6-E387-4F02-A3E0-83AC9C9871F8}.Release|Any CPU.Build.0 = Release|Any CPU
	EndGlobalSection
	GlobalSection(SolutionProperties) = preSolution
		HideSolutionNode = FALSE
	EndGlobalSection
	GlobalSection(ExtensibilityGlobals) = postSolution
		SolutionGuid = {E58387E6-B038-4356-A16F-BD61A48974BC}
	EndGlobalSection
EndGlobal
